
Microsoft Visual Studio Solution File, Format Version 11.00
# Visual Studio 2010
Project("{FAE04EC0-301F-11D3-BF4B-00C04F79EFBC}") = "ArgumentsParser", "ArgumentParser\ArgumentsParser.csproj", "{A866DCE7-CCD4-48B9-A652-198877B56600}"
EndProject
Project("{FAE04EC0-301F-11D3-BF4B-00C04F79EFBC}") = "ArgumentsParser.Tests", "ArgumentParser.Tests\ArgumentsParser.Tests.csproj", "{0718FFC4-F4F4-41D8-855F-8D8D96934D56}"
EndProject
Project("{2150E333-8FDC-42A3-9474-1A3956D46DE8}") = "Solution Items", "Solution Items", "{703EE96C-4C12-4A48-AB65-43E19F28347B}"
EndProject
Global
	GlobalSection(SolutionConfigurationPlatforms) = preSolution
		Debug|Any CPU = Debug|Any CPU
		Release|Any CPU = Release|Any CPU
	EndGlobalSection
	GlobalSection(ProjectConfigurationPlatforms) = postSolution
		{A866DCE7-CCD4-48B9-A652-198877B56600}.Debug|Any CPU.ActiveCfg = Debug|Any CPU
		{A866DCE7-CCD4-48B9-A652-198877B56600}.Debug|Any CPU.Build.0 = Debug|Any CPU
		{A866DCE7-CCD4-48B9-A652-198877B56600}.Release|Any CPU.ActiveCfg = Release|Any CPU
		{A866DCE7-CCD4-48B9-A652-198877B56600}.Release|Any CPU.Build.0 = Release|Any CPU
		{0718FFC4-F4F4-41D8-855F-8D8D96934D56}.Debug|Any CPU.ActiveCfg = Debug|Any CPU
		{0718FFC4-F4F4-41D8-855F-8D8D96934D56}.Debug|Any CPU.Build.0 = Debug|Any CPU
		{0718FFC4-F4F4-41D8-855F-8D8D96934D56}.Release|Any CPU.ActiveCfg = Release|Any CPU
		{0718FFC4-F4F4-41D8-855F-8D8D96934D56}.Release|Any CPU.Build.0 = Release|Any CPU
	EndGlobalSection
	GlobalSection(SolutionProperties) = preSolution
		HideSolutionNode = FALSE
	EndGlobalSection
EndGlobal
